<Solution>
  <Configurations>
    <Platform Name="Any CPU" />
    <Platform Name="x64" />
  </Configurations>
  <Project Path="PenDynamicsLab.csproj" />
  <Project Path="PenDynamicsLab.Tests/PenDynamicsLab.Tests.csproj" />
  <Project Path="../WinPenKit/WinPenKit/WinPenKit.csproj" />
  <Project Path="../WinPenKit/WinPenKit.Avalonia/WinPenKit.Avalonia.csproj" />
</Solution>
